
Microsoft Visual Studio Solution File, Format Version 12.00
# Visual Studio Version 17
VisualStudioVersion = 17.0.31903.59
MinimumVisualStudioVersion = 10.0.40219.1
Project("{2150E333-8FDC-42A3-9474-1A3956D46DE8}") = "src", "src", "{B9E194FC-B896-41A2-AAB2-1634133B5F7E}"
EndProject
Project("{FAE04EC0-301F-11D3-BF4B-00C04F79EFBC}") = "AuctionService", "src\AuctionService\AuctionService.csproj", "{8BF6351D-8CDF-45D3-833C-4904ACDEE8AF}"
EndProject
Project("{FAE04EC0-301F-11D3-BF4B-00C04F79EFBC}") = "SearchService", "src\SearchService\SearchService.csproj", "{906CFD25-D4F7-42D2-AB03-06C7AEEAFBF7}"
EndProject
Project("{FAE04EC0-301F-11D3-BF4B-00C04F79EFBC}") = "Contracts", "src\Contracts\Contracts.csproj", "{057E093F-8137-4BAF-9718-59E85C8D486F}"
EndProject
Project("{FAE04EC0-301F-11D3-BF4B-00C04F79EFBC}") = "IdentityService", "src\IdentityService\IdentityService.csproj", "{567C962B-3E62-4117-B2A8-B474623B13F3}"
EndProject
Project("{FAE04EC0-301F-11D3-BF4B-00C04F79EFBC}") = "GatewayService", "src\GatewayService\GatewayService.csproj", "{E13EF63E-4B2D-4895-BF78-C63E9D2EFB0E}"
EndProject
Project("{FAE04EC0-301F-11D3-BF4B-00C04F79EFBC}") = "BiddingService", "src\BiddingService\BiddingService.csproj", "{FACC2DCA-53DB-4971-96BA-A75F4D2CE3C1}"
EndProject
Project("{FAE04EC0-301F-11D3-BF4B-00C04F79EFBC}") = "NotificationService", "src\NotificationService\NotificationService.csproj", "{06A91470-47C0-402E-9B0E-A83B0FDB9FF0}"
EndProject
Project("{FAE04EC0-301F-11D3-BF4B-00C04F79EFBC}") = "AuctionService.UnitTests", "tests\AuctionService.UnitTests\AuctionService.UnitTests.csproj", "{66C1282C-8E9E-44D8-8CAA-DA90924F8254}"
EndProject
Project("{2150E333-8FDC-42A3-9474-1A3956D46DE8}") = "tests", "tests", "{79A999AE-27DE-4A70-9287-40B9F8746B50}"
EndProject
Project("{FAE04EC0-301F-11D3-BF4B-00C04F79EFBC}") = "AuctionService.IntegrationTests", "tests\AuctionService.IntegrationTests\AuctionService.IntegrationTests.csproj", "{61617A73-241C-4F55-B650-173832C9D657}"
EndProject
Global
	GlobalSection(SolutionConfigurationPlatforms) = preSolution
		Debug|Any CPU = Debug|Any CPU
		Release|Any CPU = Release|Any CPU
	EndGlobalSection
	GlobalSection(ProjectConfigurationPlatforms) = postSolution
		{8BF6351D-8CDF-45D3-833C-4904ACDEE8AF}.Debug|Any CPU.ActiveCfg = Debug|Any CPU
		{8BF6351D-8CDF-45D3-833C-4904ACDEE8AF}.Debug|Any CPU.Build.0 = Debug|Any CPU
		{8BF6351D-8CDF-45D3-833C-4904ACDEE8AF}.Release|Any CPU.ActiveCfg = Release|Any CPU
		{8BF6351D-8CDF-45D3-833C-4904ACDEE8AF}.Release|Any CPU.Build.0 = Release|Any CPU
		{906CFD25-D4F7-42D2-AB03-06C7AEEAFBF7}.Debug|Any CPU.ActiveCfg = Debug|Any CPU
		{906CFD25-D4F7-42D2-AB03-06C7AEEAFBF7}.Debug|Any CPU.Build.0 = Debug|Any CPU
		{906CFD25-D4F7-42D2-AB03-06C7AEEAFBF7}.Release|Any CPU.ActiveCfg = Release|Any CPU
		{906CFD25-D4F7-42D2-AB03-06C7AEEAFBF7}.Release|Any CPU.Build.0 = Release|Any CPU
		{057E093F-8137-4BAF-9718-59E85C8D486F}.Debug|Any CPU.ActiveCfg = Debug|Any CPU
		{057E093F-8137-4BAF-9718-59E85C8D486F}.Debug|Any CPU.Build.0 = Debug|Any CPU
		{057E093F-8137-4BAF-9718-59E85C8D486F}.Release|Any CPU.ActiveCfg = Release|Any CPU
		{057E093F-8137-4BAF-9718-59E85C8D486F}.Release|Any CPU.Build.0 = Release|Any CPU
		{567C962B-3E62-4117-B2A8-B474623B13F3}.Debug|Any CPU.ActiveCfg = Debug|Any CPU
		{567C962B-3E62-4117-B2A8-B474623B13F3}.Debug|Any CPU.Build.0 = Debug|Any CPU
		{567C962B-3E62-4117-B2A8-B474623B13F3}.Release|Any CPU.ActiveCfg = Release|Any CPU
		{567C962B-3E62-4117-B2A8-B474623B13F3}.Release|Any CPU.Build.0 = Release|Any CPU
		{E13EF63E-4B2D-4895-BF78-C63E9D2EFB0E}.Debug|Any CPU.ActiveCfg = Debug|Any CPU
		{E13EF63E-4B2D-4895-BF78-C63E9D2EFB0E}.Debug|Any CPU.Build.0 = Debug|Any CPU
		{E13EF63E-4B2D-4895-BF78-C63E9D2EFB0E}.Release|Any CPU.ActiveCfg = Release|Any CPU
		{E13EF63E-4B2D-4895-BF78-C63E9D2EFB0E}.Release|Any CPU.Build.0 = Release|Any CPU
		{FACC2DCA-53DB-4971-96BA-A75F4D2CE3C1}.Debug|Any CPU.ActiveCfg = Debug|Any CPU
		{FACC2DCA-53DB-4971-96BA-A75F4D2CE3C1}.Debug|Any CPU.Build.0 = Debug|Any CPU
		{FACC2DCA-53DB-4971-96BA-A75F4D2CE3C1}.Release|Any CPU.ActiveCfg = Release|Any CPU
		{FACC2DCA-53DB-4971-96BA-A75F4D2CE3C1}.Release|Any CPU.Build.0 = Release|Any CPU
		{06A91470-47C0-402E-9B0E-A83B0FDB9FF0}.Debug|Any CPU.ActiveCfg = Debug|Any CPU
		{06A91470-47C0-402E-9B0E-A83B0FDB9FF0}.Debug|Any CPU.Build.0 = Debug|Any CPU
		{06A91470-47C0-402E-9B0E-A83B0FDB9FF0}.Release|Any CPU.ActiveCfg = Release|Any CPU
		{06A91470-47C0-402E-9B0E-A83B0FDB9FF0}.Release|Any CPU.Build.0 = Release|Any CPU
		{66C1282C-8E9E-44D8-8CAA-DA90924F8254}.Debug|Any CPU.ActiveCfg = Debug|Any CPU
		{66C1282C-8E9E-44D8-8CAA-DA90924F8254}.Debug|Any CPU.Build.0 = Debug|Any CPU
		{66C1282C-8E9E-44D8-8CAA-DA90924F8254}.Release|Any CPU.ActiveCfg = Release|Any CPU
		{66C1282C-8E9E-44D8-8CAA-DA90924F8254}.Release|Any CPU.Build.0 = Release|Any CPU
		{61617A73-241C-4F55-B650-173832C9D657}.Debug|Any CPU.ActiveCfg = Debug|Any CPU
		{61617A73-241C-4F55-B650-173832C9D657}.Debug|Any CPU.Build.0 = Debug|Any CPU
		{61617A73-241C-4F55-B650-173832C9D657}.Release|Any CPU.ActiveCfg = Release|Any CPU
		{61617A73-241C-4F55-B650-173832C9D657}.Release|Any CPU.Build.0 = Release|Any CPU
	EndGlobalSection
	GlobalSection(SolutionProperties) = preSolution
		HideSolutionNode = FALSE
	EndGlobalSection
	GlobalSection(NestedProjects) = preSolution
		{8BF6351D-8CDF-45D3-833C-4904ACDEE8AF} = {B9E194FC-B896-41A2-AAB2-1634133B5F7E}
		{906CFD25-D4F7-42D2-AB03-06C7AEEAFBF7} = {B9E194FC-B896-41A2-AAB2-1634133B5F7E}
		{057E093F-8137-4BAF-9718-59E85C8D486F} = {B9E194FC-B896-41A2-AAB2-1634133B5F7E}
		{567C962B-3E62-4117-B2A8-B474623B13F3} = {B9E194FC-B896-41A2-AAB2-1634133B5F7E}
		{E13EF63E-4B2D-4895-BF78-C63E9D2EFB0E} = {B9E194FC-B896-41A2-AAB2-1634133B5F7E}
		{FACC2DCA-53DB-4971-96BA-A75F4D2CE3C1} = {B9E194FC-B896-41A2-AAB2-1634133B5F7E}
		{06A91470-47C0-402E-9B0E-A83B0FDB9FF0} = {B9E194FC-B896-41A2-AAB2-1634133B5F7E}
		{66C1282C-8E9E-44D8-8CAA-DA90924F8254} = {79A999AE-27DE-4A70-9287-40B9F8746B50}
		{61617A73-241C-4F55-B650-173832C9D657} = {79A999AE-27DE-4A70-9287-40B9F8746B50}
	EndGlobalSection
EndGlobal
