
Microsoft Visual Studio Solution File, Format Version 12.00
# Visual Studio Version 17
VisualStudioVersion = 17.0.31903.59
MinimumVisualStudioVersion = 10.0.40219.1
Project("{2150E333-8FDC-42A3-9474-1A3956D46DE8}") = "src", "src", "{B9E194FC-B896-41A2-AAB2-1634133B5F7E}"
EndProject
Project("{FAE04EC0-301F-11D3-BF4B-00C04F79EFBC}") = "AuctionService", "src\AuctionService\AuctionService.csproj", "{8BF6351D-8CDF-45D3-833C-4904ACDEE8AF}"
EndProject
Project("{FAE04EC0-301F-11D3-BF4B-00C04F79EFBC}") = "SearchService", "src\SearchService\SearchService.csproj", "{906CFD25-D4F7-42D2-AB03-06C7AEEAFBF7}"
EndProject
Global
	GlobalSection(SolutionConfigurationPlatforms) = preSolution
		Debug|Any CPU = Debug|Any CPU
		Release|Any CPU = Release|Any CPU
	EndGlobalSection
	GlobalSection(ProjectConfigurationPlatforms) = postSolution
		{8BF6351D-8CDF-45D3-833C-4904ACDEE8AF}.Debug|Any CPU.ActiveCfg = Debug|Any CPU
		{8BF6351D-8CDF-45D3-833C-4904ACDEE8AF}.Debug|Any CPU.Build.0 = Debug|Any CPU
		{8BF6351D-8CDF-45D3-833C-4904ACDEE8AF}.Release|Any CPU.ActiveCfg = Release|Any CPU
		{8BF6351D-8CDF-45D3-833C-4904ACDEE8AF}.Release|Any CPU.Build.0 = Release|Any CPU
		{906CFD25-D4F7-42D2-AB03-06C7AEEAFBF7}.Debug|Any CPU.ActiveCfg = Debug|Any CPU
		{906CFD25-D4F7-42D2-AB03-06C7AEEAFBF7}.Debug|Any CPU.Build.0 = Debug|Any CPU
		{906CFD25-D4F7-42D2-AB03-06C7AEEAFBF7}.Release|Any CPU.ActiveCfg = Release|Any CPU
		{906CFD25-D4F7-42D2-AB03-06C7AEEAFBF7}.Release|Any CPU.Build.0 = Release|Any CPU
	EndGlobalSection
	GlobalSection(SolutionProperties) = preSolution
		HideSolutionNode = FALSE
	EndGlobalSection
	GlobalSection(NestedProjects) = preSolution
		{8BF6351D-8CDF-45D3-833C-4904ACDEE8AF} = {B9E194FC-B896-41A2-AAB2-1634133B5F7E}
		{906CFD25-D4F7-42D2-AB03-06C7AEEAFBF7} = {B9E194FC-B896-41A2-AAB2-1634133B5F7E}
	EndGlobalSection
EndGlobal
